[[package]]
name = "beartype"
version = "0.9.1"
requires_python = ">=3.6.0"
summary = "Unbearably fast runtime type checking in pure Python."

[[package]]
name = "pglet"
version = "0.5.12"
requires_python = ">=3.7"
summary = "Pglet client for Python - easily build interactive web apps in Python"
dependencies = [
    "beartype>=0.9.1",
    "websocket-client>=1.2.1",
]

[[package]]
name = "websocket-client"
version = "1.2.3"
requires_python = ">=3.6"
summary = "WebSocket client for Python with low level API options"

[metadata]
lock_version = "3.1"
content_hash = "sha256:3aa396b79708920e8355a5ee6e7169ba4c72298f13ec82733f590e530452e9eb"

[metadata.files]
"beartype 0.9.1" = [
    {file = "beartype-0.9.1-py3-none-any.whl", hash = "sha256:fb23f59b709dd29c4bff25ede0969cdd76aa7e7812abef704d08007ea07372e0"},
    {file = "beartype-0.9.1.tar.gz", hash = "sha256:623630dc243b0da5a84f0fa414e6aaaf2613e567ad19abfe6a81c17ea5ab62f1"},
]
"pglet 0.5.12" = [
    {file = "pglet-0.5.12-py3-none-any.whl", hash = "sha256:530167fdedfe2ffd89a1fcbb65d6be187dd6466f65d217db2f74ee55a9d50e40"},
    {file = "pglet-0.5.12.tar.gz", hash = "sha256:29d9ec5e56df48e037e051f54c97eed88cacd1a7e05877ce6fdaecc619942b73"},
]
"websocket-client 1.2.3" = [
    {file = "websocket_client-1.2.3-py3-none-any.whl", hash = "sha256:2eed4cc58e4d65613ed6114af2f380f7910ff416fc8c46947f6e76b6815f56c0"},
    {file = "websocket-client-1.2.3.tar.gz", hash = "sha256:1315816c0acc508997eb3ae03b9d3ff619c9d12d544c9a9b553704b1cc4f6af5"},
]
